
Microsoft Visual Studio Solution File, Format Version 12.00
# Visual Studio Version 17
VisualStudioVersion = 17.3.32929.385
MinimumVisualStudioVersion = 10.0.40219.1
Project("{9A19103F-16F7-4668-BE54-9A1E7A4F7556}") = "Evento.Api", "Evento.Api\Evento.Api.csproj", "{D4E06B20-AF45-4B0A-8F27-25333F0BB6D8}"
EndProject
Project("{FAE04EC0-301F-11D3-BF4B-00C04F79EFBC}") = "Evento.Application", "Evento.Application\Evento.Application.csproj", "{A41261E3-245A-46D1-BC35-D7887A5CB107}"
EndProject
Project("{FAE04EC0-301F-11D3-BF4B-00C04F79EFBC}") = "Evento.Domain", "Evento.Domain\Evento.Domain.csproj", "{F3686105-077C-4615-95F7-E7FD0A11623F}"
EndProject
Project("{FAE04EC0-301F-11D3-BF4B-00C04F79EFBC}") = "Evento.Infrastructure", "Evento.Infrastructure\Evento.Infrastructure.csproj", "{038487C7-F99C-4147-B627-460265D4A32E}"
EndProject
Global
	GlobalSection(SolutionConfigurationPlatforms) = preSolution
		Debug|Any CPU = Debug|Any CPU
		Release|Any CPU = Release|Any CPU
	EndGlobalSection
	GlobalSection(ProjectConfigurationPlatforms) = postSolution
		{D4E06B20-AF45-4B0A-8F27-25333F0BB6D8}.Debug|Any CPU.ActiveCfg = Debug|Any CPU
		{D4E06B20-AF45-4B0A-8F27-25333F0BB6D8}.Debug|Any CPU.Build.0 = Debug|Any CPU
		{D4E06B20-AF45-4B0A-8F27-25333F0BB6D8}.Release|Any CPU.ActiveCfg = Release|Any CPU
		{D4E06B20-AF45-4B0A-8F27-25333F0BB6D8}.Release|Any CPU.Build.0 = Release|Any CPU
		{A41261E3-245A-46D1-BC35-D7887A5CB107}.Debug|Any CPU.ActiveCfg = Debug|Any CPU
		{A41261E3-245A-46D1-BC35-D7887A5CB107}.Debug|Any CPU.Build.0 = Debug|Any CPU
		{A41261E3-245A-46D1-BC35-D7887A5CB107}.Release|Any CPU.ActiveCfg = Release|Any CPU
		{A41261E3-245A-46D1-BC35-D7887A5CB107}.Release|Any CPU.Build.0 = Release|Any CPU
		{F3686105-077C-4615-95F7-E7FD0A11623F}.Debug|Any CPU.ActiveCfg = Debug|Any CPU
		{F3686105-077C-4615-95F7-E7FD0A11623F}.Debug|Any CPU.Build.0 = Debug|Any CPU
		{F3686105-077C-4615-95F7-E7FD0A11623F}.Release|Any CPU.ActiveCfg = Release|Any CPU
		{F3686105-077C-4615-95F7-E7FD0A11623F}.Release|Any CPU.Build.0 = Release|Any CPU
		{038487C7-F99C-4147-B627-460265D4A32E}.Debug|Any CPU.ActiveCfg = Debug|Any CPU
		{038487C7-F99C-4147-B627-460265D4A32E}.Debug|Any CPU.Build.0 = Debug|Any CPU
		{038487C7-F99C-4147-B627-460265D4A32E}.Release|Any CPU.ActiveCfg = Release|Any CPU
		{038487C7-F99C-4147-B627-460265D4A32E}.Release|Any CPU.Build.0 = Release|Any CPU
	EndGlobalSection
	GlobalSection(SolutionProperties) = preSolution
		HideSolutionNode = FALSE
	EndGlobalSection
	GlobalSection(ExtensibilityGlobals) = postSolution
		SolutionGuid = {5032430C-D890-44A4-A364-00351782B4AD}
	EndGlobalSection
EndGlobal
